# This file is automatically @generated by Cargo.
# It is not intended for manual editing.
version = 4

[[package]]
name = "presage-store-pddb"
version = "0.0.1"

[[package]]
name = "xous-app-signal"
version = "0.0.1"

[[package]]
name = "xous-net-bridge"
version = "0.0.1"

[[package]]
name = "xous-signal-bridge"
version = "0.0.1"

[[patch.unused]]
name = "ring"
version = "0.17.7"
source = "git+https://github.com/betrusted-io/ring-xous?rev=5f86cb10bebd521a45fb3abb06995200aeda2948#5f86cb10bebd521a45fb3abb06995200aeda2948"

[[patch.unused]]
name = "sha2"
version = "0.10.8"
source = "git+https://github.com/betrusted-io/hashes.git?branch=sha2-v0.10.8-xous#161da48eb94ba61108634b240a1f30f185779a37"
